{
  "name": "startup-state-atlas",
  "version": "1.0.0",
  "lockfileVersion": 3,
  "requires": true,
  "packages": {
    "": {
      "name": "startup-state-atlas",
      "version": "1.0.0",
      "hasInstallScript": true,
      "license": "ISC",
      "devDependencies": {
        "agent-kit": "github:clay-coffman/agent-kit#c7f69c60de8c229e08228e01bcaa7618915bd712"
      }
    },
    "node_modules/agent-kit": {
      "version": "0.1.0",
      "resolved": "git+ssh://git@github.com/clay-coffman/agent-kit.git#c7f69c60de8c229e08228e01bcaa7618915bd712",
      "integrity": "sha512-T1OyrnwtBOjw2Ug47/W2MaSf0zbIB7ma7ptq/Ya6i3h65cizfvBqtYOvdlg2vBx9PTPUaTR7mZNnNd76EOka8w==",
      "dev": true,
      "license": "MIT",
      "bin": {
        "agent-kit": "bin/cli.js"
      },
      "engines": {
        "node": ">=20"
      }
    }
  }
}
